
Microsoft Visual Studio Solution File, Format Version 12.00
# Visual Studio 15
VisualStudioVersion = 15.0.27703.2000
MinimumVisualStudioVersion = 10.0.40219.1
Project("{FAE04EC0-301F-11D3-BF4B-00C04F79EFBC}") = "Swap elements", "Swap elements\Swap elements.csproj", "{3E513911-433C-44F8-849E-5C7C487CA890}"
EndProject
Global
	GlobalSection(SolutionConfigurationPlatforms) = preSolution
		Debug|Any CPU = Debug|Any CPU
		Release|Any CPU = Release|Any CPU
	EndGlobalSection
	GlobalSection(ProjectConfigurationPlatforms) = postSolution
		{3E513911-433C-44F8-849E-5C7C487CA890}.Debug|Any CPU.ActiveCfg = Debug|Any CPU
		{3E513911-433C-44F8-849E-5C7C487CA890}.Debug|Any CPU.Build.0 = Debug|Any CPU
		{3E513911-433C-44F8-849E-5C7C487CA890}.Release|Any CPU.ActiveCfg = Release|Any CPU
		{3E513911-433C-44F8-849E-5C7C487CA890}.Release|Any CPU.Build.0 = Release|Any CPU
	EndGlobalSection
	GlobalSection(SolutionProperties) = preSolution
		HideSolutionNode = FALSE
	EndGlobalSection
	GlobalSection(ExtensibilityGlobals) = postSolution
		SolutionGuid = {AE6A5A93-CAD3-4F01-A52B-750DE4840144}
	EndGlobalSection
EndGlobal
