
Microsoft Visual Studio Solution File, Format Version 12.00
# Visual Studio 15
VisualStudioVersion = 15.0.27703.2000
MinimumVisualStudioVersion = 10.0.40219.1
Project("{FAE04EC0-301F-11D3-BF4B-00C04F79EFBC}") = "HelloWorldWebApp", "HelloWorldWebApp\HelloWorldWebApp.csproj", "{9D2EADCC-1852-4528-9C0F-6127C4542DA7}"
EndProject
Global
	GlobalSection(SolutionConfigurationPlatforms) = preSolution
		Debug|Any CPU = Debug|Any CPU
		Release|Any CPU = Release|Any CPU
	EndGlobalSection
	GlobalSection(ProjectConfigurationPlatforms) = postSolution
		{9D2EADCC-1852-4528-9C0F-6127C4542DA7}.Debug|Any CPU.ActiveCfg = Debug|Any CPU
		{9D2EADCC-1852-4528-9C0F-6127C4542DA7}.Debug|Any CPU.Build.0 = Debug|Any CPU
		{9D2EADCC-1852-4528-9C0F-6127C4542DA7}.Release|Any CPU.ActiveCfg = Release|Any CPU
		{9D2EADCC-1852-4528-9C0F-6127C4542DA7}.Release|Any CPU.Build.0 = Release|Any CPU
	EndGlobalSection
	GlobalSection(SolutionProperties) = preSolution
		HideSolutionNode = FALSE
	EndGlobalSection
	GlobalSection(ExtensibilityGlobals) = postSolution
		SolutionGuid = {E6C27B81-F61D-44A5-BF9A-4127ECEBE19D}
	EndGlobalSection
EndGlobal
