
Microsoft Visual Studio Solution File, Format Version 12.00
# Visual Studio 15
VisualStudioVersion = 15.0.27703.2000
MinimumVisualStudioVersion = 10.0.40219.1
Project("{FAE04EC0-301F-11D3-BF4B-00C04F79EFBC}") = "Animal", "Animal\Animal.csproj", "{D168A49F-6967-4D81-85CE-D03F3DBF8866}"
EndProject
Global
	GlobalSection(SolutionConfigurationPlatforms) = preSolution
		Debug|Any CPU = Debug|Any CPU
		Release|Any CPU = Release|Any CPU
	EndGlobalSection
	GlobalSection(ProjectConfigurationPlatforms) = postSolution
		{D168A49F-6967-4D81-85CE-D03F3DBF8866}.Debug|Any CPU.ActiveCfg = Debug|Any CPU
		{D168A49F-6967-4D81-85CE-D03F3DBF8866}.Debug|Any CPU.Build.0 = Debug|Any CPU
		{D168A49F-6967-4D81-85CE-D03F3DBF8866}.Release|Any CPU.ActiveCfg = Release|Any CPU
		{D168A49F-6967-4D81-85CE-D03F3DBF8866}.Release|Any CPU.Build.0 = Release|Any CPU
	EndGlobalSection
	GlobalSection(SolutionProperties) = preSolution
		HideSolutionNode = FALSE
	EndGlobalSection
	GlobalSection(ExtensibilityGlobals) = postSolution
		SolutionGuid = {A12E3A20-A545-4C7A-97D2-045D139FF664}
	EndGlobalSection
EndGlobal
