
Microsoft Visual Studio Solution File, Format Version 12.00
# Visual Studio 15
VisualStudioVersion = 15.0.27703.2000
MinimumVisualStudioVersion = 10.0.40219.1
Project("{FAE04EC0-301F-11D3-BF4B-00C04F79EFBC}") = "Teacher Student", "Teacher Student\Teacher Student.csproj", "{CF60E5F8-48ED-4C27-B417-6CC4E7A2F4B2}"
EndProject
Global
	GlobalSection(SolutionConfigurationPlatforms) = preSolution
		Debug|Any CPU = Debug|Any CPU
		Release|Any CPU = Release|Any CPU
	EndGlobalSection
	GlobalSection(ProjectConfigurationPlatforms) = postSolution
		{CF60E5F8-48ED-4C27-B417-6CC4E7A2F4B2}.Debug|Any CPU.ActiveCfg = Debug|Any CPU
		{CF60E5F8-48ED-4C27-B417-6CC4E7A2F4B2}.Debug|Any CPU.Build.0 = Debug|Any CPU
		{CF60E5F8-48ED-4C27-B417-6CC4E7A2F4B2}.Release|Any CPU.ActiveCfg = Release|Any CPU
		{CF60E5F8-48ED-4C27-B417-6CC4E7A2F4B2}.Release|Any CPU.Build.0 = Release|Any CPU
	EndGlobalSection
	GlobalSection(SolutionProperties) = preSolution
		HideSolutionNode = FALSE
	EndGlobalSection
	GlobalSection(ExtensibilityGlobals) = postSolution
		SolutionGuid = {86699B62-85EC-4BB2-BE16-3D45D98A553C}
	EndGlobalSection
EndGlobal
