
Microsoft Visual Studio Solution File, Format Version 12.00
# Visual Studio 15
VisualStudioVersion = 15.0.27703.2000
MinimumVisualStudioVersion = 10.0.40219.1
Project("{FAE04EC0-301F-11D3-BF4B-00C04F79EFBC}") = "15 - MileToKmConverter", "15 - MileToKmConverter\15 - MileToKmConverter.csproj", "{55A0C7E3-447C-44D9-8D05-EED8CA539ACB}"
EndProject
Global
	GlobalSection(SolutionConfigurationPlatforms) = preSolution
		Debug|Any CPU = Debug|Any CPU
		Release|Any CPU = Release|Any CPU
	EndGlobalSection
	GlobalSection(ProjectConfigurationPlatforms) = postSolution
		{55A0C7E3-447C-44D9-8D05-EED8CA539ACB}.Debug|Any CPU.ActiveCfg = Debug|Any CPU
		{55A0C7E3-447C-44D9-8D05-EED8CA539ACB}.Debug|Any CPU.Build.0 = Debug|Any CPU
		{55A0C7E3-447C-44D9-8D05-EED8CA539ACB}.Release|Any CPU.ActiveCfg = Release|Any CPU
		{55A0C7E3-447C-44D9-8D05-EED8CA539ACB}.Release|Any CPU.Build.0 = Release|Any CPU
	EndGlobalSection
	GlobalSection(SolutionProperties) = preSolution
		HideSolutionNode = FALSE
	EndGlobalSection
	GlobalSection(ExtensibilityGlobals) = postSolution
		SolutionGuid = {3B859835-264E-4C60-88CE-C135F48C57D8}
	EndGlobalSection
EndGlobal
