
Microsoft Visual Studio Solution File, Format Version 12.00
# Visual Studio 15
VisualStudioVersion = 15.0.27703.2000
MinimumVisualStudioVersion = 10.0.40219.1
Project("{FAE04EC0-301F-11D3-BF4B-00C04F79EFBC}") = "Diagonals", "Diagonals\Diagonals.csproj", "{97AD5041-D626-4118-9365-1350B0232E12}"
EndProject
Global
	GlobalSection(SolutionConfigurationPlatforms) = preSolution
		Debug|Any CPU = Debug|Any CPU
		Release|Any CPU = Release|Any CPU
	EndGlobalSection
	GlobalSection(ProjectConfigurationPlatforms) = postSolution
		{97AD5041-D626-4118-9365-1350B0232E12}.Debug|Any CPU.ActiveCfg = Debug|Any CPU
		{97AD5041-D626-4118-9365-1350B0232E12}.Debug|Any CPU.Build.0 = Debug|Any CPU
		{97AD5041-D626-4118-9365-1350B0232E12}.Release|Any CPU.ActiveCfg = Release|Any CPU
		{97AD5041-D626-4118-9365-1350B0232E12}.Release|Any CPU.Build.0 = Release|Any CPU
	EndGlobalSection
	GlobalSection(SolutionProperties) = preSolution
		HideSolutionNode = FALSE
	EndGlobalSection
	GlobalSection(ExtensibilityGlobals) = postSolution
		SolutionGuid = {862DC8E7-D706-4529-8F64-76F21D067C98}
	EndGlobalSection
EndGlobal
