
Microsoft Visual Studio Solution File, Format Version 12.00
# Visual Studio 15
VisualStudioVersion = 15.0.27703.2000
MinimumVisualStudioVersion = 10.0.40219.1
Project("{FAE04EC0-301F-11D3-BF4B-00C04F79EFBC}") = "Append a _ arrays", "Append a _ arrays\Append a _ arrays.csproj", "{193450B4-2D33-4CED-AAE4-E871D06972BD}"
EndProject
Global
	GlobalSection(SolutionConfigurationPlatforms) = preSolution
		Debug|Any CPU = Debug|Any CPU
		Release|Any CPU = Release|Any CPU
	EndGlobalSection
	GlobalSection(ProjectConfigurationPlatforms) = postSolution
		{193450B4-2D33-4CED-AAE4-E871D06972BD}.Debug|Any CPU.ActiveCfg = Debug|Any CPU
		{193450B4-2D33-4CED-AAE4-E871D06972BD}.Debug|Any CPU.Build.0 = Debug|Any CPU
		{193450B4-2D33-4CED-AAE4-E871D06972BD}.Release|Any CPU.ActiveCfg = Release|Any CPU
		{193450B4-2D33-4CED-AAE4-E871D06972BD}.Release|Any CPU.Build.0 = Release|Any CPU
	EndGlobalSection
	GlobalSection(SolutionProperties) = preSolution
		HideSolutionNode = FALSE
	EndGlobalSection
	GlobalSection(ExtensibilityGlobals) = postSolution
		SolutionGuid = {DF7F483C-0126-4B0C-9142-FC9F52B93F42}
	EndGlobalSection
EndGlobal
