
Microsoft Visual Studio Solution File, Format Version 12.00
# Visual Studio 15
VisualStudioVersion = 15.0.27703.2000
MinimumVisualStudioVersion = 10.0.40219.1
Project("{FAE04EC0-301F-11D3-BF4B-00C04F79EFBC}") = "Colors", "Colors\Colors.csproj", "{A08B0294-0603-49E2-A563-23F4A5974435}"
EndProject
Global
	GlobalSection(SolutionConfigurationPlatforms) = preSolution
		Debug|Any CPU = Debug|Any CPU
		Release|Any CPU = Release|Any CPU
	EndGlobalSection
	GlobalSection(ProjectConfigurationPlatforms) = postSolution
		{A08B0294-0603-49E2-A563-23F4A5974435}.Debug|Any CPU.ActiveCfg = Debug|Any CPU
		{A08B0294-0603-49E2-A563-23F4A5974435}.Debug|Any CPU.Build.0 = Debug|Any CPU
		{A08B0294-0603-49E2-A563-23F4A5974435}.Release|Any CPU.ActiveCfg = Release|Any CPU
		{A08B0294-0603-49E2-A563-23F4A5974435}.Release|Any CPU.Build.0 = Release|Any CPU
	EndGlobalSection
	GlobalSection(SolutionProperties) = preSolution
		HideSolutionNode = FALSE
	EndGlobalSection
	GlobalSection(ExtensibilityGlobals) = postSolution
		SolutionGuid = {58CA49C2-D1D9-4824-B1CC-BCBCD69FF23F}
	EndGlobalSection
EndGlobal
