
Microsoft Visual Studio Solution File, Format Version 12.00
# Visual Studio 15
VisualStudioVersion = 15.0.27703.2000
MinimumVisualStudioVersion = 10.0.40219.1
Project("{FAE04EC0-301F-11D3-BF4B-00C04F79EFBC}") = "2 - Average Value of Odd Numbers", "2 - Average Value of Odd Numbers\2 - Average Value of Odd Numbers.csproj", "{A8BB33B6-F25E-465A-ADE8-0B6D691475D3}"
EndProject
Global
	GlobalSection(SolutionConfigurationPlatforms) = preSolution
		Debug|Any CPU = Debug|Any CPU
		Release|Any CPU = Release|Any CPU
	EndGlobalSection
	GlobalSection(ProjectConfigurationPlatforms) = postSolution
		{A8BB33B6-F25E-465A-ADE8-0B6D691475D3}.Debug|Any CPU.ActiveCfg = Debug|Any CPU
		{A8BB33B6-F25E-465A-ADE8-0B6D691475D3}.Debug|Any CPU.Build.0 = Debug|Any CPU
		{A8BB33B6-F25E-465A-ADE8-0B6D691475D3}.Release|Any CPU.ActiveCfg = Release|Any CPU
		{A8BB33B6-F25E-465A-ADE8-0B6D691475D3}.Release|Any CPU.Build.0 = Release|Any CPU
	EndGlobalSection
	GlobalSection(SolutionProperties) = preSolution
		HideSolutionNode = FALSE
	EndGlobalSection
	GlobalSection(ExtensibilityGlobals) = postSolution
		SolutionGuid = {F029E6CA-DF75-4DF5-B956-8B8BC06D8526}
	EndGlobalSection
EndGlobal
