
Microsoft Visual Studio Solution File, Format Version 12.00
# Visual Studio 15
VisualStudioVersion = 15.0.27703.2000
MinimumVisualStudioVersion = 10.0.40219.1
Project("{FAE04EC0-301F-11D3-BF4B-00C04F79EFBC}") = "Sharipe", "Sharipe\Sharipe.csproj", "{F64EA1CB-0CA1-40AD-8D01-7B54E764DDA1}"
EndProject
Global
	GlobalSection(SolutionConfigurationPlatforms) = preSolution
		Debug|Any CPU = Debug|Any CPU
		Release|Any CPU = Release|Any CPU
	EndGlobalSection
	GlobalSection(ProjectConfigurationPlatforms) = postSolution
		{F64EA1CB-0CA1-40AD-8D01-7B54E764DDA1}.Debug|Any CPU.ActiveCfg = Debug|Any CPU
		{F64EA1CB-0CA1-40AD-8D01-7B54E764DDA1}.Debug|Any CPU.Build.0 = Debug|Any CPU
		{F64EA1CB-0CA1-40AD-8D01-7B54E764DDA1}.Release|Any CPU.ActiveCfg = Release|Any CPU
		{F64EA1CB-0CA1-40AD-8D01-7B54E764DDA1}.Release|Any CPU.Build.0 = Release|Any CPU
	EndGlobalSection
	GlobalSection(SolutionProperties) = preSolution
		HideSolutionNode = FALSE
	EndGlobalSection
	GlobalSection(ExtensibilityGlobals) = postSolution
		SolutionGuid = {56FDC402-0E19-4C97-A6A0-8A49D3B5BD25}
	EndGlobalSection
EndGlobal
