
Microsoft Visual Studio Solution File, Format Version 12.00
# Visual Studio 15
VisualStudioVersion = 15.0.27703.2000
MinimumVisualStudioVersion = 10.0.40219.1
Project("{FAE04EC0-301F-11D3-BF4B-00C04F79EFBC}") = "Dictionary_01", "Dictionary_01\Dictionary_01.csproj", "{35048F06-370D-47EE-BDF0-43E33F684D42}"
EndProject
Global
	GlobalSection(SolutionConfigurationPlatforms) = preSolution
		Debug|Any CPU = Debug|Any CPU
		Release|Any CPU = Release|Any CPU
	EndGlobalSection
	GlobalSection(ProjectConfigurationPlatforms) = postSolution
		{35048F06-370D-47EE-BDF0-43E33F684D42}.Debug|Any CPU.ActiveCfg = Debug|Any CPU
		{35048F06-370D-47EE-BDF0-43E33F684D42}.Debug|Any CPU.Build.0 = Debug|Any CPU
		{35048F06-370D-47EE-BDF0-43E33F684D42}.Release|Any CPU.ActiveCfg = Release|Any CPU
		{35048F06-370D-47EE-BDF0-43E33F684D42}.Release|Any CPU.Build.0 = Release|Any CPU
	EndGlobalSection
	GlobalSection(SolutionProperties) = preSolution
		HideSolutionNode = FALSE
	EndGlobalSection
	GlobalSection(ExtensibilityGlobals) = postSolution
		SolutionGuid = {556C4FF4-60CB-450D-9543-812ECAA47509}
	EndGlobalSection
EndGlobal
