
Microsoft Visual Studio Solution File, Format Version 12.00
# Visual Studio 15
VisualStudioVersion = 15.0.27703.2000
MinimumVisualStudioVersion = 10.0.40219.1
Project("{FAE04EC0-301F-11D3-BF4B-00C04F79EFBC}") = "Hello World REST App", "Hello World REST App\Hello World REST App.csproj", "{C396E366-42A5-4EE1-A462-B90E6BA06819}"
EndProject
Global
	GlobalSection(SolutionConfigurationPlatforms) = preSolution
		Debug|Any CPU = Debug|Any CPU
		Release|Any CPU = Release|Any CPU
	EndGlobalSection
	GlobalSection(ProjectConfigurationPlatforms) = postSolution
		{C396E366-42A5-4EE1-A462-B90E6BA06819}.Debug|Any CPU.ActiveCfg = Debug|Any CPU
		{C396E366-42A5-4EE1-A462-B90E6BA06819}.Debug|Any CPU.Build.0 = Debug|Any CPU
		{C396E366-42A5-4EE1-A462-B90E6BA06819}.Release|Any CPU.ActiveCfg = Release|Any CPU
		{C396E366-42A5-4EE1-A462-B90E6BA06819}.Release|Any CPU.Build.0 = Release|Any CPU
	EndGlobalSection
	GlobalSection(SolutionProperties) = preSolution
		HideSolutionNode = FALSE
	EndGlobalSection
	GlobalSection(ExtensibilityGlobals) = postSolution
		SolutionGuid = {7C27D78F-3C63-4594-8B03-8FC16243F8D4}
	EndGlobalSection
EndGlobal
