
Microsoft Visual Studio Solution File, Format Version 12.00
# Visual Studio 15
VisualStudioVersion = 15.0.27703.2000
MinimumVisualStudioVersion = 10.0.40219.1
Project("{FAE04EC0-301F-11D3-BF4B-00C04F79EFBC}") = "Post-It", "Post-It\Post-It.csproj", "{034E2636-8206-4125-8732-79C30F1F6AEA}"
EndProject
Global
	GlobalSection(SolutionConfigurationPlatforms) = preSolution
		Debug|Any CPU = Debug|Any CPU
		Release|Any CPU = Release|Any CPU
	EndGlobalSection
	GlobalSection(ProjectConfigurationPlatforms) = postSolution
		{034E2636-8206-4125-8732-79C30F1F6AEA}.Debug|Any CPU.ActiveCfg = Debug|Any CPU
		{034E2636-8206-4125-8732-79C30F1F6AEA}.Debug|Any CPU.Build.0 = Debug|Any CPU
		{034E2636-8206-4125-8732-79C30F1F6AEA}.Release|Any CPU.ActiveCfg = Release|Any CPU
		{034E2636-8206-4125-8732-79C30F1F6AEA}.Release|Any CPU.Build.0 = Release|Any CPU
	EndGlobalSection
	GlobalSection(SolutionProperties) = preSolution
		HideSolutionNode = FALSE
	EndGlobalSection
	GlobalSection(ExtensibilityGlobals) = postSolution
		SolutionGuid = {F8163B1D-2DFF-48A7-9D14-E684E1F38429}
	EndGlobalSection
EndGlobal
