
Microsoft Visual Studio Solution File, Format Version 12.00
# Visual Studio 15
VisualStudioVersion = 15.0.27703.2000
MinimumVisualStudioVersion = 10.0.40219.1
Project("{FAE04EC0-301F-11D3-BF4B-00C04F79EFBC}") = "FoxDrawTemplate1", "FoxDrawTemplate1\FoxDrawTemplate1.csproj", "{8FB121AD-473B-4927-9051-47071BCC792A}"
EndProject
Global
	GlobalSection(SolutionConfigurationPlatforms) = preSolution
		Debug|Any CPU = Debug|Any CPU
		Release|Any CPU = Release|Any CPU
	EndGlobalSection
	GlobalSection(ProjectConfigurationPlatforms) = postSolution
		{8FB121AD-473B-4927-9051-47071BCC792A}.Debug|Any CPU.ActiveCfg = Debug|Any CPU
		{8FB121AD-473B-4927-9051-47071BCC792A}.Debug|Any CPU.Build.0 = Debug|Any CPU
		{8FB121AD-473B-4927-9051-47071BCC792A}.Release|Any CPU.ActiveCfg = Release|Any CPU
		{8FB121AD-473B-4927-9051-47071BCC792A}.Release|Any CPU.Build.0 = Release|Any CPU
	EndGlobalSection
	GlobalSection(SolutionProperties) = preSolution
		HideSolutionNode = FALSE
	EndGlobalSection
	GlobalSection(ExtensibilityGlobals) = postSolution
		SolutionGuid = {4866AEFD-CCE6-4ABD-8172-CAA95E25CE28}
	EndGlobalSection
EndGlobal
