
Microsoft Visual Studio Solution File, Format Version 12.00
# Visual Studio 15
VisualStudioVersion = 15.0.27703.2000
MinimumVisualStudioVersion = 10.0.40219.1
Project("{FAE04EC0-301F-11D3-BF4B-00C04F79EFBC}") = "Dictionary_02", "Dictionary_02\Dictionary_02.csproj", "{0541D1E8-18A9-40B0-8483-E8B8B16D86EF}"
EndProject
Global
	GlobalSection(SolutionConfigurationPlatforms) = preSolution
		Debug|Any CPU = Debug|Any CPU
		Release|Any CPU = Release|Any CPU
	EndGlobalSection
	GlobalSection(ProjectConfigurationPlatforms) = postSolution
		{0541D1E8-18A9-40B0-8483-E8B8B16D86EF}.Debug|Any CPU.ActiveCfg = Debug|Any CPU
		{0541D1E8-18A9-40B0-8483-E8B8B16D86EF}.Debug|Any CPU.Build.0 = Debug|Any CPU
		{0541D1E8-18A9-40B0-8483-E8B8B16D86EF}.Release|Any CPU.ActiveCfg = Release|Any CPU
		{0541D1E8-18A9-40B0-8483-E8B8B16D86EF}.Release|Any CPU.Build.0 = Release|Any CPU
	EndGlobalSection
	GlobalSection(SolutionProperties) = preSolution
		HideSolutionNode = FALSE
	EndGlobalSection
	GlobalSection(ExtensibilityGlobals) = postSolution
		SolutionGuid = {BB241D90-74CE-4A1C-9F52-E0BA356781C4}
	EndGlobalSection
EndGlobal
