
Microsoft Visual Studio Solution File, Format Version 12.00
# Visual Studio 15
VisualStudioVersion = 15.0.27703.2000
MinimumVisualStudioVersion = 10.0.40219.1
Project("{FAE04EC0-301F-11D3-BF4B-00C04F79EFBC}") = "List_04", "List_04\List_04.csproj", "{88A8A212-07A7-452D-8DD9-9C9C53CAD123}"
EndProject
Global
	GlobalSection(SolutionConfigurationPlatforms) = preSolution
		Debug|Any CPU = Debug|Any CPU
		Release|Any CPU = Release|Any CPU
	EndGlobalSection
	GlobalSection(ProjectConfigurationPlatforms) = postSolution
		{88A8A212-07A7-452D-8DD9-9C9C53CAD123}.Debug|Any CPU.ActiveCfg = Debug|Any CPU
		{88A8A212-07A7-452D-8DD9-9C9C53CAD123}.Debug|Any CPU.Build.0 = Debug|Any CPU
		{88A8A212-07A7-452D-8DD9-9C9C53CAD123}.Release|Any CPU.ActiveCfg = Release|Any CPU
		{88A8A212-07A7-452D-8DD9-9C9C53CAD123}.Release|Any CPU.Build.0 = Release|Any CPU
	EndGlobalSection
	GlobalSection(SolutionProperties) = preSolution
		HideSolutionNode = FALSE
	EndGlobalSection
	GlobalSection(ExtensibilityGlobals) = postSolution
		SolutionGuid = {F8A0111C-9A58-4BCC-A9EB-5138FC389195}
	EndGlobalSection
EndGlobal
