
Microsoft Visual Studio Solution File, Format Version 12.00
# Visual Studio 15
VisualStudioVersion = 15.0.27703.2000
MinimumVisualStudioVersion = 10.0.40219.1
Project("{FAE04EC0-301F-11D3-BF4B-00C04F79EFBC}") = "String_03", "String_03\String_03.csproj", "{DE10AA44-01E9-4C1F-9F56-B005DD15A67A}"
EndProject
Global
	GlobalSection(SolutionConfigurationPlatforms) = preSolution
		Debug|Any CPU = Debug|Any CPU
		Release|Any CPU = Release|Any CPU
	EndGlobalSection
	GlobalSection(ProjectConfigurationPlatforms) = postSolution
		{DE10AA44-01E9-4C1F-9F56-B005DD15A67A}.Debug|Any CPU.ActiveCfg = Debug|Any CPU
		{DE10AA44-01E9-4C1F-9F56-B005DD15A67A}.Debug|Any CPU.Build.0 = Debug|Any CPU
		{DE10AA44-01E9-4C1F-9F56-B005DD15A67A}.Release|Any CPU.ActiveCfg = Release|Any CPU
		{DE10AA44-01E9-4C1F-9F56-B005DD15A67A}.Release|Any CPU.Build.0 = Release|Any CPU
	EndGlobalSection
	GlobalSection(SolutionProperties) = preSolution
		HideSolutionNode = FALSE
	EndGlobalSection
	GlobalSection(ExtensibilityGlobals) = postSolution
		SolutionGuid = {D0026694-727F-47A1-8CEF-66BC3662CC87}
	EndGlobalSection
EndGlobal
