
Microsoft Visual Studio Solution File, Format Version 12.00
# Visual Studio 15
VisualStudioVersion = 15.0.27703.2000
MinimumVisualStudioVersion = 10.0.40219.1
Project("{FAE04EC0-301F-11D3-BF4B-00C04F79EFBC}") = "Greet Someone", "Greet Someone\Greet Someone.csproj", "{0D91CD8E-D6D5-4482-BFD4-6B8EC075F174}"
EndProject
Global
	GlobalSection(SolutionConfigurationPlatforms) = preSolution
		Debug|Any CPU = Debug|Any CPU
		Release|Any CPU = Release|Any CPU
	EndGlobalSection
	GlobalSection(ProjectConfigurationPlatforms) = postSolution
		{0D91CD8E-D6D5-4482-BFD4-6B8EC075F174}.Debug|Any CPU.ActiveCfg = Debug|Any CPU
		{0D91CD8E-D6D5-4482-BFD4-6B8EC075F174}.Debug|Any CPU.Build.0 = Debug|Any CPU
		{0D91CD8E-D6D5-4482-BFD4-6B8EC075F174}.Release|Any CPU.ActiveCfg = Release|Any CPU
		{0D91CD8E-D6D5-4482-BFD4-6B8EC075F174}.Release|Any CPU.Build.0 = Release|Any CPU
	EndGlobalSection
	GlobalSection(SolutionProperties) = preSolution
		HideSolutionNode = FALSE
	EndGlobalSection
	GlobalSection(ExtensibilityGlobals) = postSolution
		SolutionGuid = {8AE5D839-8E02-4CC4-BE57-E6C7863DEFAC}
	EndGlobalSection
EndGlobal
